
Microsoft Visual Studio Solution File, Format Version 12.00
# Visual Studio Version 16
VisualStudioVersion = 16.0.30128.74
MinimumVisualStudioVersion = 10.0.40219.1
Project("{FAE04EC0-301F-11D3-BF4B-00C04F79EFBC}") = "Wox.Plugin.Currency", "Wox.Plugin.Currency.csproj", "{00992EFD-CC19-4576-B023-BCE4862AD33D}"
EndProject
Project("{FAE04EC0-301F-11D3-BF4B-00C04F79EFBC}") = "Wox.Plugin.Currency.Test", "..\..\test\Wox.Plugin.Currency.Test\Wox.Plugin.Currency.Test.csproj", "{ABAA395B-F66F-43E5-92E7-7AF297415E10}"
EndProject
Global
	GlobalSection(SolutionConfigurationPlatforms) = preSolution
		Debug|Any CPU = Debug|Any CPU
		Release|Any CPU = Release|Any CPU
	EndGlobalSection
	GlobalSection(ProjectConfigurationPlatforms) = postSolution
		{00992EFD-CC19-4576-B023-BCE4862AD33D}.Debug|Any CPU.ActiveCfg = Debug|Any CPU
		{00992EFD-CC19-4576-B023-BCE4862AD33D}.Debug|Any CPU.Build.0 = Debug|Any CPU
		{00992EFD-CC19-4576-B023-BCE4862AD33D}.Release|Any CPU.ActiveCfg = Release|Any CPU
		{00992EFD-CC19-4576-B023-BCE4862AD33D}.Release|Any CPU.Build.0 = Release|Any CPU
		{ABAA395B-F66F-43E5-92E7-7AF297415E10}.Debug|Any CPU.ActiveCfg = Debug|Any CPU
		{ABAA395B-F66F-43E5-92E7-7AF297415E10}.Debug|Any CPU.Build.0 = Debug|Any CPU
		{ABAA395B-F66F-43E5-92E7-7AF297415E10}.Release|Any CPU.ActiveCfg = Release|Any CPU
		{ABAA395B-F66F-43E5-92E7-7AF297415E10}.Release|Any CPU.Build.0 = Release|Any CPU
	EndGlobalSection
	GlobalSection(SolutionProperties) = preSolution
		HideSolutionNode = FALSE
	EndGlobalSection
	GlobalSection(ExtensibilityGlobals) = postSolution
		SolutionGuid = {51F4D7D5-7738-48F7-A3D6-A00BC7487399}
	EndGlobalSection
EndGlobal
